
Microsoft Visual Studio Solution File, Format Version 12.00
# Visual Studio 15
VisualStudioVersion = 15.0.28307.1525
MinimumVisualStudioVersion = 10.0.40219.1
Project("{FAE04EC0-301F-11D3-BF4B-00C04F79EFBC}") = "Manager.Core.Model", "Manager.Core.Model\Manager.Core.Model.csproj", "{8A176604-CF35-4591-8EC7-53C016FADD67}"
EndProject
Project("{FAE04EC0-301F-11D3-BF4B-00C04F79EFBC}") = "Management.WEB.UI", "Management.WEB.UI\Management.WEB.UI.csproj", "{95E2EFFE-2B5D-4F1F-8E9F-0E263F9E971A}"
EndProject
Global
	GlobalSection(SolutionConfigurationPlatforms) = preSolution
		Debug|Any CPU = Debug|Any CPU
		Release|Any CPU = Release|Any CPU
	EndGlobalSection
	GlobalSection(ProjectConfigurationPlatforms) = postSolution
		{8A176604-CF35-4591-8EC7-53C016FADD67}.Debug|Any CPU.ActiveCfg = Debug|Any CPU
		{8A176604-CF35-4591-8EC7-53C016FADD67}.Debug|Any CPU.Build.0 = Debug|Any CPU
		{8A176604-CF35-4591-8EC7-53C016FADD67}.Release|Any CPU.ActiveCfg = Release|Any CPU
		{8A176604-CF35-4591-8EC7-53C016FADD67}.Release|Any CPU.Build.0 = Release|Any CPU
		{95E2EFFE-2B5D-4F1F-8E9F-0E263F9E971A}.Debug|Any CPU.ActiveCfg = Debug|Any CPU
		{95E2EFFE-2B5D-4F1F-8E9F-0E263F9E971A}.Debug|Any CPU.Build.0 = Debug|Any CPU
		{95E2EFFE-2B5D-4F1F-8E9F-0E263F9E971A}.Release|Any CPU.ActiveCfg = Release|Any CPU
		{95E2EFFE-2B5D-4F1F-8E9F-0E263F9E971A}.Release|Any CPU.Build.0 = Release|Any CPU
	EndGlobalSection
	GlobalSection(SolutionProperties) = preSolution
		HideSolutionNode = FALSE
	EndGlobalSection
	GlobalSection(ExtensibilityGlobals) = postSolution
		SolutionGuid = {48F5D69C-125D-4FB5-8AC4-709042B0CE33}
	EndGlobalSection
EndGlobal
